
Microsoft Visual Studio Solution File, Format Version 12.00
# Visual Studio Version 17
VisualStudioVersion = 17.13.35931.197 d17.13
MinimumVisualStudioVersion = 10.0.40219.1
Project("{FAE04EC0-301F-11D3-BF4B-00C04F79EFBC}") = "Fabrika_Faaliyet_Takip_Sistemi", "Fabrika_Faaliyet_Takip_Sistemi\Fabrika_Faaliyet_Takip_Sistemi.csproj", "{D04C063F-B453-41B2-AF44-1AB985C47261}"
EndProject
Global
	GlobalSection(SolutionConfigurationPlatforms) = preSolution
		Debug|Any CPU = Debug|Any CPU
		Release|Any CPU = Release|Any CPU
	EndGlobalSection
	GlobalSection(ProjectConfigurationPlatforms) = postSolution
		{D04C063F-B453-41B2-AF44-1AB985C47261}.Debug|Any CPU.ActiveCfg = Debug|Any CPU
		{D04C063F-B453-41B2-AF44-1AB985C47261}.Debug|Any CPU.Build.0 = Debug|Any CPU
		{D04C063F-B453-41B2-AF44-1AB985C47261}.Release|Any CPU.ActiveCfg = Release|Any CPU
		{D04C063F-B453-41B2-AF44-1AB985C47261}.Release|Any CPU.Build.0 = Release|Any CPU
	EndGlobalSection
	GlobalSection(SolutionProperties) = preSolution
		HideSolutionNode = FALSE
	EndGlobalSection
	GlobalSection(ExtensibilityGlobals) = postSolution
		SolutionGuid = {9E2D16EE-92E7-4668-BDAB-41839EE16AB2}
	EndGlobalSection
EndGlobal
